Microsoft Visual Studio Solution File, Format Version 12.00
# Visual Studio Version 17
VisualStudioVersion = 17.5.2.0
MinimumVisualStudioVersion = 10.0.40219.1
Project("{2150E333-8FDC-42A3-9474-1A3956D46DE8}") = "02C#", "02C#", "{006CC104-52A3-5EEA-21E5-DDED604E353D}"
EndProject
Project("{2150E333-8FDC-42A3-9474-1A3956D46DE8}") = "lab01", "lab01", "{1FEFE3A8-6AD6-4B28-805F-F25BB38B9981}"
EndProject
Project("{2150E333-8FDC-42A3-9474-1A3956D46DE8}") = "Level01", "Level01", "{0449022D-5185-C840-AD31-521E132DD061}"
EndProject
Project("{FAE04EC0-301F-11D3-BF4B-00C04F79EFBC}") = "Level1", "02C#\lab01\Level01\Level1.csproj", "{A5C4F4DE-B270-56DF-B2E5-9095B29AA2D0}"
EndProject
Project("{2150E333-8FDC-42A3-9474-1A3956D46DE8}") = "Level03", "Level03", "{99E584CA-EE6A-F702-C7A2-479EC36A5589}"
EndProject
Project("{FAE04EC0-301F-11D3-BF4B-00C04F79EFBC}") = "Level3", "02C#\lab01\Level03\Level3.csproj", "{1B1C6D99-E1CC-1E4A-B6FC-9602455DBE58}"
EndProject
Project("{2150E333-8FDC-42A3-9474-1A3956D46DE8}") = "Level02", "Level02", "{0B67201C-6730-DD36-4A53-193A270B02F6}"
EndProject
Project("{FAE04EC0-301F-11D3-BF4B-00C04F79EFBC}") = "Level2", "02C#\lab01\Level02\Level2.csproj", "{BCF64BF5-8EB8-20B9-5D52-EA3771CDAF00}"
EndProject
Global
	GlobalSection(SolutionConfigurationPlatforms) = preSolution
		Debug|Any CPU = Debug|Any CPU
		Release|Any CPU = Release|Any CPU
	EndGlobalSection
	GlobalSection(ProjectConfigurationPlatforms) = postSolution
		{A5C4F4DE-B270-56DF-B2E5-9095B29AA2D0}.Debug|Any CPU.ActiveCfg = Debug|Any CPU
		{A5C4F4DE-B270-56DF-B2E5-9095B29AA2D0}.Debug|Any CPU.Build.0 = Debug|Any CPU
		{A5C4F4DE-B270-56DF-B2E5-9095B29AA2D0}.Release|Any CPU.ActiveCfg = Release|Any CPU
		{A5C4F4DE-B270-56DF-B2E5-9095B29AA2D0}.Release|Any CPU.Build.0 = Release|Any CPU
		{1B1C6D99-E1CC-1E4A-B6FC-9602455DBE58}.Debug|Any CPU.ActiveCfg = Debug|Any CPU
		{1B1C6D99-E1CC-1E4A-B6FC-9602455DBE58}.Debug|Any CPU.Build.0 = Debug|Any CPU
		{1B1C6D99-E1CC-1E4A-B6FC-9602455DBE58}.Release|Any CPU.ActiveCfg = Release|Any CPU
		{1B1C6D99-E1CC-1E4A-B6FC-9602455DBE58}.Release|Any CPU.Build.0 = Release|Any CPU
		{BCF64BF5-8EB8-20B9-5D52-EA3771CDAF00}.Debug|Any CPU.ActiveCfg = Debug|Any CPU
		{BCF64BF5-8EB8-20B9-5D52-EA3771CDAF00}.Debug|Any CPU.Build.0 = Debug|Any CPU
		{BCF64BF5-8EB8-20B9-5D52-EA3771CDAF00}.Release|Any CPU.ActiveCfg = Release|Any CPU
		{BCF64BF5-8EB8-20B9-5D52-EA3771CDAF00}.Release|Any CPU.Build.0 = Release|Any CPU
	EndGlobalSection
	GlobalSection(SolutionProperties) = preSolution
		HideSolutionNode = FALSE
	EndGlobalSection
	GlobalSection(NestedProjects) = preSolution
		{1FEFE3A8-6AD6-4B28-805F-F25BB38B9981} = {006CC104-52A3-5EEA-21E5-DDED604E353D}
		{0449022D-5185-C840-AD31-521E132DD061} = {1FEFE3A8-6AD6-4B28-805F-F25BB38B9981}
		{A5C4F4DE-B270-56DF-B2E5-9095B29AA2D0} = {0449022D-5185-C840-AD31-521E132DD061}
		{99E584CA-EE6A-F702-C7A2-479EC36A5589} = {1FEFE3A8-6AD6-4B28-805F-F25BB38B9981}
		{1B1C6D99-E1CC-1E4A-B6FC-9602455DBE58} = {99E584CA-EE6A-F702-C7A2-479EC36A5589}
		{0B67201C-6730-DD36-4A53-193A270B02F6} = {1FEFE3A8-6AD6-4B28-805F-F25BB38B9981}
		{BCF64BF5-8EB8-20B9-5D52-EA3771CDAF00} = {0B67201C-6730-DD36-4A53-193A270B02F6}
	EndGlobalSection
	GlobalSection(ExtensibilityGlobals) = postSolution
		SolutionGuid = {8DDE6068-D18B-4239-B27B-234C7D604E01}
	EndGlobalSection
EndGlobal
